<?xml version="1.0" encoding="utf-8"?>
<Project ToolsVersion="4.0" xmlns="http://schemas.microsoft.com/developer/msbuild/2003">
  <ItemGroup>
    <Filter Include="ソース ファイル">
      <UniqueIdentifier>{4FC737F1-C7A5-4376-A066-2A32D752A2FF}</UniqueIdentifier>
      <Extensions>cpp;c;cc;cxx;c++;cppm;ixx;def;odl;idl;hpj;bat;asm;asmx</Extensions>
    </Filter>
    <Filter Include="ヘッダー ファイル">
      <UniqueIdentifier>{93995380-89BD-4b04-88EB-625FBE52EBFB}</UniqueIdentifier>
      <Extensions>h;hh;hpp;hxx;h++;hm;inl;inc;ipp;xsd</Extensions>
    </Filter>
    <Filter Include="リソース ファイル">
      <UniqueIdentifier>{67DA6AB6-F800-4c08-8B7A-83BB121AAD01}</UniqueIdentifier>
      <Extensions>rc;ico;cur;bmp;dlg;rc2;rct;bin;rgs;gif;jpg;jpeg;jpe;resx;tiff;tif;png;wav;mfcribbon-ms</Extensions>
    </Filter>
    <Filter Include="ソース ファイル\board">
      <UniqueIdentifier>{f5313991-c9e8-429d-9861-9c84f96a9567}</UniqueIdentifier>
    </Filter>
    <Filter Include="ソース ファイル\field">
      <UniqueIdentifier>{c5b93c63-091e-4d36-95f3-0e799704c5ab}</UniqueIdentifier>
    </Filter>
    <Filter Include="ソース ファイル\game">
      <UniqueIdentifier>{a5d278eb-bded-46e0-8cb0-e5e4f3d3ec3d}</UniqueIdentifier>
    </Filter>
    <Filter Include="ソース ファイル\mino">
      <UniqueIdentifier>{84c0fbbe-33d8-442f-928d-70c388efc2a5}</UniqueIdentifier>
    </Filter>
    <Filter Include="ソース ファイル\keyboard">
      <UniqueIdentifier>{8657933d-5b71-4036-b953-5a341fcaa0d6}</UniqueIdentifier>
    </Filter>
  </ItemGroup>
  <ItemGroup>
    <ClCompile Include="title.cpp">
      <Filter>ソース ファイル</Filter>
    </ClCompile>
    <ClCompile Include="main.cpp">
      <Filter>ソース ファイル</Filter>
    </ClCompile>
    <ClCompile Include="frame.cpp">
      <Filter>ソース ファイル</Filter>
    </ClCompile>
    <ClCompile Include="board.cpp">
      <Filter>ソース ファイル\board</Filter>
    </ClCompile>
    <ClCompile Include="field.cpp">
      <Filter>ソース ファイル\field</Filter>
    </ClCompile>
    <ClCompile Include="game.cpp">
      <Filter>ソース ファイル\game</Filter>
    </ClCompile>
    <ClCompile Include="mino.cpp">
      <Filter>ソース ファイル\mino</Filter>
    </ClCompile>
    <ClCompile Include="kyeboard.cpp">
      <Filter>ソース ファイル\keyboard</Filter>
    </ClCompile>
    <ClCompile Include="progress.cpp">
      <Filter>ソース ファイル</Filter>
    </ClCompile>
  </ItemGroup>
  <ItemGroup>
    <ClInclude Include="title.h">
      <Filter>ヘッダー ファイル</Filter>
    </ClInclude>
    <ClInclude Include="Common.h">
      <Filter>ヘッダー ファイル</Filter>
    </ClInclude>
    <ClInclude Include="board.h">
      <Filter>ソース ファイル\board</Filter>
    </ClInclude>
    <ClInclude Include="field.h">
      <Filter>ソース ファイル\field</Filter>
    </ClInclude>
    <ClInclude Include="game.h">
      <Filter>ソース ファイル\game</Filter>
    </ClInclude>
    <ClInclude Include="mino.h">
      <Filter>ソース ファイル\mino</Filter>
    </ClInclude>
    <ClInclude Include="keyboard.h">
      <Filter>ソース ファイル\keyboard</Filter>
    </ClInclude>
    <ClInclude Include="frame.h">
      <Filter>ヘッダー ファイル</Filter>
    </ClInclude>
    <ClInclude Include="progress.h">
      <Filter>ヘッダー ファイル</Filter>
    </ClInclude>
  </ItemGroup>
</Project>